
Microsoft Visual Studio Solution File, Format Version 12.00
# Visual Studio 2012
Project("{8BC9CEB8-8B4A-11D0-8D11-00A0C91BC942}") = "OpenGL", "OpenGL\OpenGL.vcxproj", "{F7EAE0F3-BF5D-42C3-862B-64FA0AA01A57}"
EndProject
Project("{6141683F-8A12-4E36-9623-2EB02B2C2303}") = "Installer", "Installer\Installer.isproj", "{B95BEA1F-F9C3-4CD2-9CA8-1A8914B58F76}"
	ProjectSection(ProjectDependencies) = postProject
		{F7EAE0F3-BF5D-42C3-862B-64FA0AA01A57} = {F7EAE0F3-BF5D-42C3-862B-64FA0AA01A57}
	EndProjectSection
EndProject
Global
	GlobalSection(SolutionConfigurationPlatforms) = preSolution
		CD_ROM|Win32 = CD_ROM|Win32
		CD_ROM|x64 = CD_ROM|x64
		Debug|Win32 = Debug|Win32
		Debug|x64 = Debug|x64
		DVD-5|Win32 = DVD-5|Win32
		DVD-5|x64 = DVD-5|x64
		Release|Win32 = Release|Win32
		Release|x64 = Release|x64
		SingleImage|Win32 = SingleImage|Win32
		SingleImage|x64 = SingleImage|x64
	EndGlobalSection
	GlobalSection(ProjectConfigurationPlatforms) = postSolution
		{F7EAE0F3-BF5D-42C3-862B-64FA0AA01A57}.CD_ROM|Win32.ActiveCfg = Release|Win32
		{F7EAE0F3-BF5D-42C3-862B-64FA0AA01A57}.CD_ROM|Win32.Build.0 = Release|Win32
		{F7EAE0F3-BF5D-42C3-862B-64FA0AA01A57}.CD_ROM|x64.ActiveCfg = Release|x64
		{F7EAE0F3-BF5D-42C3-862B-64FA0AA01A57}.CD_ROM|x64.Build.0 = Release|x64
		{F7EAE0F3-BF5D-42C3-862B-64FA0AA01A57}.Debug|Win32.ActiveCfg = Debug|Win32
		{F7EAE0F3-BF5D-42C3-862B-64FA0AA01A57}.Debug|Win32.Build.0 = Debug|Win32
		{F7EAE0F3-BF5D-42C3-862B-64FA0AA01A57}.Debug|x64.ActiveCfg = Debug|x64
		{F7EAE0F3-BF5D-42C3-862B-64FA0AA01A57}.Debug|x64.Build.0 = Debug|x64
		{F7EAE0F3-BF5D-42C3-862B-64FA0AA01A57}.DVD-5|Win32.ActiveCfg = Debug|Win32
		{F7EAE0F3-BF5D-42C3-862B-64FA0AA01A57}.DVD-5|Win32.Build.0 = Debug|Win32
		{F7EAE0F3-BF5D-42C3-862B-64FA0AA01A57}.DVD-5|x64.ActiveCfg = Debug|x64
		{F7EAE0F3-BF5D-42C3-862B-64FA0AA01A57}.DVD-5|x64.Build.0 = Debug|x64
		{F7EAE0F3-BF5D-42C3-862B-64FA0AA01A57}.Release|Win32.ActiveCfg = Release|Win32
		{F7EAE0F3-BF5D-42C3-862B-64FA0AA01A57}.Release|Win32.Build.0 = Release|Win32
		{F7EAE0F3-BF5D-42C3-862B-64FA0AA01A57}.Release|x64.ActiveCfg = Release|x64
		{F7EAE0F3-BF5D-42C3-862B-64FA0AA01A57}.Release|x64.Build.0 = Release|x64
		{F7EAE0F3-BF5D-42C3-862B-64FA0AA01A57}.SingleImage|Win32.ActiveCfg = Release|Win32
		{F7EAE0F3-BF5D-42C3-862B-64FA0AA01A57}.SingleImage|Win32.Build.0 = Release|Win32
		{F7EAE0F3-BF5D-42C3-862B-64FA0AA01A57}.SingleImage|x64.ActiveCfg = Release|x64
		{F7EAE0F3-BF5D-42C3-862B-64FA0AA01A57}.SingleImage|x64.Build.0 = Release|x64
		{B95BEA1F-F9C3-4CD2-9CA8-1A8914B58F76}.CD_ROM|Win32.ActiveCfg = CD_ROM
		{B95BEA1F-F9C3-4CD2-9CA8-1A8914B58F76}.CD_ROM|Win32.Build.0 = CD_ROM
		{B95BEA1F-F9C3-4CD2-9CA8-1A8914B58F76}.CD_ROM|x64.ActiveCfg = CD_ROM
		{B95BEA1F-F9C3-4CD2-9CA8-1A8914B58F76}.CD_ROM|x64.Build.0 = CD_ROM
		{B95BEA1F-F9C3-4CD2-9CA8-1A8914B58F76}.Debug|Win32.ActiveCfg = DVD-5
		{B95BEA1F-F9C3-4CD2-9CA8-1A8914B58F76}.Debug|Win32.Build.0 = DVD-5
		{B95BEA1F-F9C3-4CD2-9CA8-1A8914B58F76}.Debug|x64.ActiveCfg = DVD-5
		{B95BEA1F-F9C3-4CD2-9CA8-1A8914B58F76}.Debug|x64.Build.0 = DVD-5
		{B95BEA1F-F9C3-4CD2-9CA8-1A8914B58F76}.DVD-5|Win32.ActiveCfg = DVD-5
		{B95BEA1F-F9C3-4CD2-9CA8-1A8914B58F76}.DVD-5|Win32.Build.0 = DVD-5
		{B95BEA1F-F9C3-4CD2-9CA8-1A8914B58F76}.DVD-5|x64.ActiveCfg = DVD-5
		{B95BEA1F-F9C3-4CD2-9CA8-1A8914B58F76}.DVD-5|x64.Build.0 = DVD-5
		{B95BEA1F-F9C3-4CD2-9CA8-1A8914B58F76}.Release|Win32.ActiveCfg = SingleImage
		{B95BEA1F-F9C3-4CD2-9CA8-1A8914B58F76}.Release|Win32.Build.0 = SingleImage
		{B95BEA1F-F9C3-4CD2-9CA8-1A8914B58F76}.Release|x64.ActiveCfg = SingleImage
		{B95BEA1F-F9C3-4CD2-9CA8-1A8914B58F76}.Release|x64.Build.0 = SingleImage
		{B95BEA1F-F9C3-4CD2-9CA8-1A8914B58F76}.SingleImage|Win32.ActiveCfg = SingleImage
		{B95BEA1F-F9C3-4CD2-9CA8-1A8914B58F76}.SingleImage|Win32.Build.0 = SingleImage
		{B95BEA1F-F9C3-4CD2-9CA8-1A8914B58F76}.SingleImage|x64.ActiveCfg = SingleImage
		{B95BEA1F-F9C3-4CD2-9CA8-1A8914B58F76}.SingleImage|x64.Build.0 = SingleImage
	EndGlobalSection
	GlobalSection(SolutionProperties) = preSolution
		HideSolutionNode = FALSE
	EndGlobalSection
EndGlobal
